
Microsoft Visual Studio Solution File, Format Version 12.00
# Visual Studio Version 17
VisualStudioVersion = 17.2.32630.192
MinimumVisualStudioVersion = 10.0.40219.1
Project("{9A19103F-16F7-4668-BE54-9A1E7A4F7556}") = "R5T.T0159.Construction", "R5T.T0159.Construction\R5T.T0159.Construction.csproj", "{43FA7385-80B8-4D79-B466-FB4649E94661}"
EndProject
Project("{9A19103F-16F7-4668-BE54-9A1E7A4F7556}") = "R5T.T0159", "R5T.T0159\R5T.T0159.csproj", "{B533E4F3-E64A-4535-903C-11ECE6F56EF4}"
EndProject
Project("{2150E333-8FDC-42A3-9474-1A3956D46DE8}") = "_Dependencies", "_Dependencies", "{B989FB32-A2AC-4184-AAA1-27243519CFB2}"
EndProject
Project("{9A19103F-16F7-4668-BE54-9A1E7A4F7556}") = "R5T.T0158", "..\..\R5T.T0158\source\R5T.T0158\R5T.T0158.csproj", "{85A7E4F3-DF9D-431E-AFFB-0F13E6F603B3}"
EndProject
Project("{9A19103F-16F7-4668-BE54-9A1E7A4F7556}") = "R5T.NG0006", "..\..\R5T.NG0006\source\R5T.NG0006\R5T.NG0006.csproj", "{28AF1530-7D9E-4639-9465-AEAD028DA89E}"
EndProject
Project("{9A19103F-16F7-4668-BE54-9A1E7A4F7556}") = "R5T.T0159.F000", "R5T.T0159.F000\R5T.T0159.F000.csproj", "{DD736C5F-18AB-4442-9F77-F3A657948C68}"
EndProject
Project("{9A19103F-16F7-4668-BE54-9A1E7A4F7556}") = "R5T.F0000", "..\..\R5T.F0000\source\R5T.F0000\R5T.F0000.csproj", "{5723FBD7-044F-4800-A2C6-B189646EE4E8}"
EndProject
Project("{9A19103F-16F7-4668-BE54-9A1E7A4F7556}") = "R5T.T0131", "..\..\R5T.T0131\source\R5T.T0131\R5T.T0131.csproj", "{E3B397C8-E3E4-47AB-88BF-2DFB336A6345}"
EndProject
Project("{9A19103F-16F7-4668-BE54-9A1E7A4F7556}") = "R5T.T0132", "..\..\R5T.T0132\source\R5T.T0132\R5T.T0132.csproj", "{855575BC-1825-4EE9-8F78-061A8280FD0F}"
EndProject
Project("{9A19103F-16F7-4668-BE54-9A1E7A4F7556}") = "R5T.T0142", "..\..\R5T.T0142\source\R5T.T0142\R5T.T0142.csproj", "{11D5459B-1383-4BFA-B7C8-D1ABC0632B3B}"
EndProject
Project("{9A19103F-16F7-4668-BE54-9A1E7A4F7556}") = "R5T.T0143", "..\..\R5T.T0143\source\R5T.T0143\R5T.T0143.csproj", "{962C13D2-6D8C-48F1-8E13-CA4D88BE59AD}"
EndProject
Project("{9A19103F-16F7-4668-BE54-9A1E7A4F7556}") = "R5T.T0156", "..\..\R5T.T0156\source\R5T.T0156\R5T.T0156.csproj", "{A88EDCCB-A3F6-4803-85BF-62638EFEE8C6}"
EndProject
Project("{9A19103F-16F7-4668-BE54-9A1E7A4F7556}") = "R5T.Y0000", "..\..\R5T.Y0000\source\R5T.Y0000\R5T.Y0000.csproj", "{4D4002CB-86EA-46AD-8311-329196D79B69}"
EndProject
Project("{9A19103F-16F7-4668-BE54-9A1E7A4F7556}") = "R5T.Z0000", "..\..\R5T.Z0000\source\R5T.Z0000\R5T.Z0000.csproj", "{5FAD46DA-7293-46CE-BCA7-F471E98C0B07}"
EndProject
Project("{9A19103F-16F7-4668-BE54-9A1E7A4F7556}") = "R5T.T0148", "..\..\R5T.T0148\source\R5T.T0148\R5T.T0148.csproj", "{CC8D270F-0CFF-4E16-9C73-48516435FF02}"
EndProject
Project("{9A19103F-16F7-4668-BE54-9A1E7A4F7556}") = "R5T.T0158.F000", "..\..\R5T.T0158\source\R5T.T0158.F000\R5T.T0158.F000.csproj", "{79AD283B-6EDD-4B73-AF8E-DBF478DB742F}"
EndProject
Project("{9A19103F-16F7-4668-BE54-9A1E7A4F7556}") = "R5T.F0035.F001", "..\..\R5T.F0035\source\R5T.F0035.F001\R5T.F0035.F001.csproj", "{75EB74B1-D1D6-4550-93DF-ABF2957B0171}"
EndProject
Global
	GlobalSection(SolutionConfigurationPlatforms) = preSolution
		Debug|Any CPU = Debug|Any CPU
		Release|Any CPU = Release|Any CPU
	EndGlobalSection
	GlobalSection(ProjectConfigurationPlatforms) = postSolution
		{43FA7385-80B8-4D79-B466-FB4649E94661}.Debug|Any CPU.ActiveCfg = Debug|Any CPU
		{43FA7385-80B8-4D79-B466-FB4649E94661}.Debug|Any CPU.Build.0 = Debug|Any CPU
		{43FA7385-80B8-4D79-B466-FB4649E94661}.Release|Any CPU.ActiveCfg = Release|Any CPU
		{43FA7385-80B8-4D79-B466-FB4649E94661}.Release|Any CPU.Build.0 = Release|Any CPU
		{B533E4F3-E64A-4535-903C-11ECE6F56EF4}.Debug|Any CPU.ActiveCfg = Debug|Any CPU
		{B533E4F3-E64A-4535-903C-11ECE6F56EF4}.Debug|Any CPU.Build.0 = Debug|Any CPU
		{B533E4F3-E64A-4535-903C-11ECE6F56EF4}.Release|Any CPU.ActiveCfg = Release|Any CPU
		{B533E4F3-E64A-4535-903C-11ECE6F56EF4}.Release|Any CPU.Build.0 = Release|Any CPU
		{85A7E4F3-DF9D-431E-AFFB-0F13E6F603B3}.Debug|Any CPU.ActiveCfg = Debug|Any CPU
		{85A7E4F3-DF9D-431E-AFFB-0F13E6F603B3}.Debug|Any CPU.Build.0 = Debug|Any CPU
		{85A7E4F3-DF9D-431E-AFFB-0F13E6F603B3}.Release|Any CPU.ActiveCfg = Release|Any CPU
		{85A7E4F3-DF9D-431E-AFFB-0F13E6F603B3}.Release|Any CPU.Build.0 = Release|Any CPU
		{28AF1530-7D9E-4639-9465-AEAD028DA89E}.Debug|Any CPU.ActiveCfg = Debug|Any CPU
		{28AF1530-7D9E-4639-9465-AEAD028DA89E}.Debug|Any CPU.Build.0 = Debug|Any CPU
		{28AF1530-7D9E-4639-9465-AEAD028DA89E}.Release|Any CPU.ActiveCfg = Release|Any CPU
		{28AF1530-7D9E-4639-9465-AEAD028DA89E}.Release|Any CPU.Build.0 = Release|Any CPU
		{DD736C5F-18AB-4442-9F77-F3A657948C68}.Debug|Any CPU.ActiveCfg = Debug|Any CPU
		{DD736C5F-18AB-4442-9F77-F3A657948C68}.Debug|Any CPU.Build.0 = Debug|Any CPU
		{DD736C5F-18AB-4442-9F77-F3A657948C68}.Release|Any CPU.ActiveCfg = Release|Any CPU
		{DD736C5F-18AB-4442-9F77-F3A657948C68}.Release|Any CPU.Build.0 = Release|Any CPU
		{5723FBD7-044F-4800-A2C6-B189646EE4E8}.Debug|Any CPU.ActiveCfg = Debug|Any CPU
		{5723FBD7-044F-4800-A2C6-B189646EE4E8}.Debug|Any CPU.Build.0 = Debug|Any CPU
		{5723FBD7-044F-4800-A2C6-B189646EE4E8}.Release|Any CPU.ActiveCfg = Release|Any CPU
		{5723FBD7-044F-4800-A2C6-B189646EE4E8}.Release|Any CPU.Build.0 = Release|Any CPU
		{E3B397C8-E3E4-47AB-88BF-2DFB336A6345}.Debug|Any CPU.ActiveCfg = Debug|Any CPU
		{E3B397C8-E3E4-47AB-88BF-2DFB336A6345}.Debug|Any CPU.Build.0 = Debug|Any CPU
		{E3B397C8-E3E4-47AB-88BF-2DFB336A6345}.Release|Any CPU.ActiveCfg = Release|Any CPU
		{E3B397C8-E3E4-47AB-88BF-2DFB336A6345}.Release|Any CPU.Build.0 = Release|Any CPU
		{855575BC-1825-4EE9-8F78-061A8280FD0F}.Debug|Any CPU.ActiveCfg = Debug|Any CPU
		{855575BC-1825-4EE9-8F78-061A8280FD0F}.Debug|Any CPU.Build.0 = Debug|Any CPU
		{855575BC-1825-4EE9-8F78-061A8280FD0F}.Release|Any CPU.ActiveCfg = Release|Any CPU
		{855575BC-1825-4EE9-8F78-061A8280FD0F}.Release|Any CPU.Build.0 = Release|Any CPU
		{11D5459B-1383-4BFA-B7C8-D1ABC0632B3B}.Debug|Any CPU.ActiveCfg = Debug|Any CPU
		{11D5459B-1383-4BFA-B7C8-D1ABC0632B3B}.Debug|Any CPU.Build.0 = Debug|Any CPU
		{11D5459B-1383-4BFA-B7C8-D1ABC0632B3B}.Release|Any CPU.ActiveCfg = Release|Any CPU
		{11D5459B-1383-4BFA-B7C8-D1ABC0632B3B}.Release|Any CPU.Build.0 = Release|Any CPU
		{962C13D2-6D8C-48F1-8E13-CA4D88BE59AD}.Debug|Any CPU.ActiveCfg = Debug|Any CPU
		{962C13D2-6D8C-48F1-8E13-CA4D88BE59AD}.Debug|Any CPU.Build.0 = Debug|Any CPU
		{962C13D2-6D8C-48F1-8E13-CA4D88BE59AD}.Release|Any CPU.ActiveCfg = Release|Any CPU
		{962C13D2-6D8C-48F1-8E13-CA4D88BE59AD}.Release|Any CPU.Build.0 = Release|Any CPU
		{A88EDCCB-A3F6-4803-85BF-62638EFEE8C6}.Debug|Any CPU.ActiveCfg = Debug|Any CPU
		{A88EDCCB-A3F6-4803-85BF-62638EFEE8C6}.Debug|Any CPU.Build.0 = Debug|Any CPU
		{A88EDCCB-A3F6-4803-85BF-62638EFEE8C6}.Release|Any CPU.ActiveCfg = Release|Any CPU
		{A88EDCCB-A3F6-4803-85BF-62638EFEE8C6}.Release|Any CPU.Build.0 = Release|Any CPU
		{4D4002CB-86EA-46AD-8311-329196D79B69}.Debug|Any CPU.ActiveCfg = Debug|Any CPU
		{4D4002CB-86EA-46AD-8311-329196D79B69}.Debug|Any CPU.Build.0 = Debug|Any CPU
		{4D4002CB-86EA-46AD-8311-329196D79B69}.Release|Any CPU.ActiveCfg = Release|Any CPU
		{4D4002CB-86EA-46AD-8311-329196D79B69}.Release|Any CPU.Build.0 = Release|Any CPU
		{5FAD46DA-7293-46CE-BCA7-F471E98C0B07}.Debug|Any CPU.ActiveCfg = Debug|Any CPU
		{5FAD46DA-7293-46CE-BCA7-F471E98C0B07}.Debug|Any CPU.Build.0 = Debug|Any CPU
		{5FAD46DA-7293-46CE-BCA7-F471E98C0B07}.Release|Any CPU.ActiveCfg = Release|Any CPU
		{5FAD46DA-7293-46CE-BCA7-F471E98C0B07}.Release|Any CPU.Build.0 = Release|Any CPU
		{CC8D270F-0CFF-4E16-9C73-48516435FF02}.Debug|Any CPU.ActiveCfg = Debug|Any CPU
		{CC8D270F-0CFF-4E16-9C73-48516435FF02}.Debug|Any CPU.Build.0 = Debug|Any CPU
		{CC8D270F-0CFF-4E16-9C73-48516435FF02}.Release|Any CPU.ActiveCfg = Release|Any CPU
		{CC8D270F-0CFF-4E16-9C73-48516435FF02}.Release|Any CPU.Build.0 = Release|Any CPU
		{79AD283B-6EDD-4B73-AF8E-DBF478DB742F}.Debug|Any CPU.ActiveCfg = Debug|Any CPU
		{79AD283B-6EDD-4B73-AF8E-DBF478DB742F}.Debug|Any CPU.Build.0 = Debug|Any CPU
		{79AD283B-6EDD-4B73-AF8E-DBF478DB742F}.Release|Any CPU.ActiveCfg = Release|Any CPU
		{79AD283B-6EDD-4B73-AF8E-DBF478DB742F}.Release|Any CPU.Build.0 = Release|Any CPU
		{75EB74B1-D1D6-4550-93DF-ABF2957B0171}.Debug|Any CPU.ActiveCfg = Debug|Any CPU
		{75EB74B1-D1D6-4550-93DF-ABF2957B0171}.Debug|Any CPU.Build.0 = Debug|Any CPU
		{75EB74B1-D1D6-4550-93DF-ABF2957B0171}.Release|Any CPU.ActiveCfg = Release|Any CPU
		{75EB74B1-D1D6-4550-93DF-ABF2957B0171}.Release|Any CPU.Build.0 = Release|Any CPU
	EndGlobalSection
	GlobalSection(SolutionProperties) = preSolution
		HideSolutionNode = FALSE
	EndGlobalSection
	GlobalSection(NestedProjects) = preSolution
		{85A7E4F3-DF9D-431E-AFFB-0F13E6F603B3} = {B989FB32-A2AC-4184-AAA1-27243519CFB2}
		{28AF1530-7D9E-4639-9465-AEAD028DA89E} = {B989FB32-A2AC-4184-AAA1-27243519CFB2}
		{5723FBD7-044F-4800-A2C6-B189646EE4E8} = {B989FB32-A2AC-4184-AAA1-27243519CFB2}
		{E3B397C8-E3E4-47AB-88BF-2DFB336A6345} = {B989FB32-A2AC-4184-AAA1-27243519CFB2}
		{855575BC-1825-4EE9-8F78-061A8280FD0F} = {B989FB32-A2AC-4184-AAA1-27243519CFB2}
		{11D5459B-1383-4BFA-B7C8-D1ABC0632B3B} = {B989FB32-A2AC-4184-AAA1-27243519CFB2}
		{962C13D2-6D8C-48F1-8E13-CA4D88BE59AD} = {B989FB32-A2AC-4184-AAA1-27243519CFB2}
		{A88EDCCB-A3F6-4803-85BF-62638EFEE8C6} = {B989FB32-A2AC-4184-AAA1-27243519CFB2}
		{4D4002CB-86EA-46AD-8311-329196D79B69} = {B989FB32-A2AC-4184-AAA1-27243519CFB2}
		{5FAD46DA-7293-46CE-BCA7-F471E98C0B07} = {B989FB32-A2AC-4184-AAA1-27243519CFB2}
		{CC8D270F-0CFF-4E16-9C73-48516435FF02} = {B989FB32-A2AC-4184-AAA1-27243519CFB2}
		{79AD283B-6EDD-4B73-AF8E-DBF478DB742F} = {B989FB32-A2AC-4184-AAA1-27243519CFB2}
		{75EB74B1-D1D6-4550-93DF-ABF2957B0171} = {B989FB32-A2AC-4184-AAA1-27243519CFB2}
	EndGlobalSection
	GlobalSection(ExtensibilityGlobals) = postSolution
		SolutionGuid = {70B7FF0D-4E5A-4DFB-9E8E-F3AA1B1D6B9A}
	EndGlobalSection
EndGlobal
